{
  "originHash" : "978cc330026bbf8dcf638ab25a015557719ebffd9fb39e949a912110f5a7c0a3",
  "pins" : [
    {
      "identity" : "reshuffled",
      "kind" : "remoteSourceControl",
      "location" : "https://github.com/swipedapp/reShuffled",
      "state" : {
        "branch" : "master",
        "revision" : "0c6d3b937017f9ea64ca8ce9a9cf82b4bbfc3e7d"
      }
    },
    {
      "identity" : "sentry-cocoa",
      "kind" : "remoteSourceControl",
      "location" : "https://github.com/getsentry/sentry-cocoa/",
      "state" : {
        "revision" : "65b3d2a7608685e8d4a37c68fa2c64f28d0b537e",
        "version" : "8.51.1"
      }
    },
    {
      "identity" : "sqlite.swift",
      "kind" : "remoteSourceControl",
      "location" : "https://github.com/stephencelis/SQLite.swift",
      "state" : {
        "revision" : "a95fc6df17d108bd99210db5e8a9bac90fe984b8",
        "version" : "0.15.3"
      }
    }
  ],
  "version" : 3
}
